
Microsoft Visual Studio Solution File, Format Version 12.00
# Visual Studio Version 16
VisualStudioVersion = 16.0.29209.62
MinimumVisualStudioVersion = 10.0.40219.1
Project("{FAE04EC0-301F-11D3-BF4B-00C04F79EFBC}") = "Timer", "Timer\Timer.csproj", "{CC5127E4-1513-4BFF-A79F-5CA6A8407B91}"
EndProject
Global
	GlobalSection(SolutionConfigurationPlatforms) = preSolution
		Debug|Any CPU = Debug|Any CPU
		Release|Any CPU = Release|Any CPU
	EndGlobalSection
	GlobalSection(ProjectConfigurationPlatforms) = postSolution
		{CC5127E4-1513-4BFF-A79F-5CA6A8407B91}.Debug|Any CPU.ActiveCfg = Debug|Any CPU
		{CC5127E4-1513-4BFF-A79F-5CA6A8407B91}.Debug|Any CPU.Build.0 = Debug|Any CPU
		{CC5127E4-1513-4BFF-A79F-5CA6A8407B91}.Release|Any CPU.ActiveCfg = Release|Any CPU
		{CC5127E4-1513-4BFF-A79F-5CA6A8407B91}.Release|Any CPU.Build.0 = Release|Any CPU
	EndGlobalSection
	GlobalSection(SolutionProperties) = preSolution
		HideSolutionNode = FALSE
	EndGlobalSection
	GlobalSection(ExtensibilityGlobals) = postSolution
		SolutionGuid = {903A1EDB-94FC-443F-BAD4-CE63CA9FC6BC}
	EndGlobalSection
EndGlobal
